
Microsoft Visual Studio Solution File, Format Version 12.00
# Visual Studio Version 16
VisualStudioVersion = 16.0.30517.126
MinimumVisualStudioVersion = 10.0.40219.1
Project("{FAE04EC0-301F-11D3-BF4B-00C04F79EFBC}") = "ProjEmpresa", "ProjEmpresa\ProjEmpresa.csproj", "{8838FAFF-2C57-400F-8189-B85972F0C100}"
EndProject
Global
	GlobalSection(SolutionConfigurationPlatforms) = preSolution
		Debug|Any CPU = Debug|Any CPU
		Release|Any CPU = Release|Any CPU
	EndGlobalSection
	GlobalSection(ProjectConfigurationPlatforms) = postSolution
		{8838FAFF-2C57-400F-8189-B85972F0C100}.Debug|Any CPU.ActiveCfg = Debug|Any CPU
		{8838FAFF-2C57-400F-8189-B85972F0C100}.Debug|Any CPU.Build.0 = Debug|Any CPU
		{8838FAFF-2C57-400F-8189-B85972F0C100}.Release|Any CPU.ActiveCfg = Release|Any CPU
		{8838FAFF-2C57-400F-8189-B85972F0C100}.Release|Any CPU.Build.0 = Release|Any CPU
	EndGlobalSection
	GlobalSection(SolutionProperties) = preSolution
		HideSolutionNode = FALSE
	EndGlobalSection
	GlobalSection(ExtensibilityGlobals) = postSolution
		SolutionGuid = {92FC9B94-C58B-44C3-BE34-B6225D043943}
	EndGlobalSection
EndGlobal
